
Microsoft Visual Studio Solution File, Format Version 12.00
# Visual Studio Version 17
VisualStudioVersion = 17.9.34723.18
MinimumVisualStudioVersion = 10.0.40219.1
Project("{9A19103F-16F7-4668-BE54-9A1E7A4F7556}") = "NSMusicS", "NSMusicS\NSMusicS.csproj", "{3A89D426-C04D-48DA-896E-F4B3A3C994A5}"
EndProject
Global
	GlobalSection(SolutionConfigurationPlatforms) = preSolution
		Debug|Any CPU = Debug|Any CPU
		Release|Any CPU = Release|Any CPU
	EndGlobalSection
	GlobalSection(ProjectConfigurationPlatforms) = postSolution
		{3A89D426-C04D-48DA-896E-F4B3A3C994A5}.Debug|Any CPU.ActiveCfg = Debug|Any CPU
		{3A89D426-C04D-48DA-896E-F4B3A3C994A5}.Debug|Any CPU.Build.0 = Debug|Any CPU
		{3A89D426-C04D-48DA-896E-F4B3A3C994A5}.Release|Any CPU.ActiveCfg = Release|Any CPU
		{3A89D426-C04D-48DA-896E-F4B3A3C994A5}.Release|Any CPU.Build.0 = Release|Any CPU
	EndGlobalSection
	GlobalSection(SolutionProperties) = preSolution
		HideSolutionNode = FALSE
	EndGlobalSection
	GlobalSection(ExtensibilityGlobals) = postSolution
		SolutionGuid = {521DC07D-019F-4BE9-8561-84A4A318356E}
	EndGlobalSection
EndGlobal
